// !$*UTF8*$!
{
	archiveVersion = 1;
	classes = {
	};
	objectVersion = 50;
	objects = {

/* Begin PBXBuildFile section */
		7653664A24729C8200EC0457 /* AppDelegate.swift in Sources */ = {isa = PBXBuildFile; fileRef = 7653664924729C8200EC0457 /* AppDelegate.swift */; };
		7653664C24729C8200EC0457 /* SceneDelegate.swift in Sources */ = {isa = PBXBuildFile; fileRef = 7653664B24729C8200EC0457 /* SceneDelegate.swift */; };
		7653664F24729C8200EC0457 /* Practice.xcdatamodeld in Sources */ = {isa = PBXBuildFile; fileRef = 7653664D24729C8200EC0457 /* Practice.xcdatamodeld */; };
		7653665124729C8200EC0457 /* ContentView.swift in Sources */ = {isa = PBXBuildFile; fileRef = 7653665024729C8200EC0457 /* ContentView.swift */; };
		7653665324729C8400EC0457 /* Assets.xcassets in Resources */ = {isa = PBXBuildFile; fileRef = 7653665224729C8400EC0457 /* Assets.xcassets */; };
		7653665624729C8400EC0457 /* Preview Assets.xcassets in Resources */ = {isa = PBXBuildFile; fileRef = 7653665524729C8400EC0457 /* Preview Assets.xcassets */; };
		7653665924729C8400EC0457 /* LaunchScreen.storyboard in Resources */ = {isa = PBXBuildFile; fileRef = 7653665724729C8400EC0457 /* LaunchScreen.storyboard */; };
		7653666424729C8400EC0457 /* PracticeTests.swift in Sources */ = {isa = PBXBuildFile; fileRef = 7653666324729C8400EC0457 /* PracticeTests.swift */; };
		7653666F24729C8400EC0457 /* PracticeUITests.swift in Sources */ = {isa = PBXBuildFile; fileRef = 7653666E24729C8400EC0457 /* PracticeUITests.swift */; };
		76CB7B0B24752C68006CA160 /* Card.swift in Sources */ = {isa = PBXBuildFile; fileRef = 76CB7B0A24752C68006CA160 /* Card.swift */; };
		76CB7B0D24752F35006CA160 /* dataModel.swift in Sources */ = {isa = PBXBuildFile; fileRef = 76CB7B0C24752F35006CA160 /* dataModel.swift */; };
		76CB7B0F24752FB0006CA160 /* dataList.swift in Sources */ = {isa = PBXBuildFile; fileRef = 76CB7B0E24752FB0006CA160 /* dataList.swift */; };
/* End PBXBuildFile section */

/* Begin PBXContainerItemProxy section */
		7653666024729C8400EC0457 /* PBXContainerItemProxy */ = {
			isa = PBXContainerItemProxy;
			containerPortal = 7653663E24729C8200EC0457 /* Project object */;
			proxyType = 1;
			remoteGlobalIDString = 7653664524729C8200EC0457;
			remoteInfo = Practice;
		};
		7653666B24729C8400EC0457 /* PBXContainerItemProxy */ = {
			isa = PBXContainerItemProxy;
			containerPortal = 7653663E24729C8200EC0457 /* Project object */;
			proxyType = 1;
			remoteGlobalIDString = 7653664524729C8200EC0457;
			remoteInfo = Practice;
		};
/* End PBXContainerItemProxy section */

/* Begin PBXFileReference section */
		7653664624729C8200EC0457 /* Practice.app */ = {isa = PBXFileReference; explicitFileType = wrapper.application; includeInIndex = 0; path = Practice.app; sourceTree = BUILT_PRODUCTS_DIR; };
		7653664924729C8200EC0457 /* AppDelegate.swift */ = {isa = PBXFileReference; lastKnownFileType = sourcecode.swift; path = AppDelegate.swift; sourceTree = "<group>"; };
		7653664B24729C8200EC0457 /* SceneDelegate.swift */ = {isa = PBXFileReference; lastKnownFileType = sourcecode.swift; path = SceneDelegate.swift; sourceTree = "<group>"; };
		7653664E24729C8200EC0457 /* Practice.xcdatamodel */ = {isa = PBXFileReference; lastKnownFileType = wrapper.xcdatamodel; path = Practice.xcdatamodel; sourceTree = "<group>"; };
		7653665024729C8200EC0457 /* ContentView.swift */ = {isa = PBXFileReference; lastKnownFileType = sourcecode.swift; path = ContentView.swift; sourceTree = "<group>"; };
		7653665224729C8400EC0457 /* Assets.xcassets */ = {isa = PBXFileReference; lastKnownFileType = folder.assetcatalog; path = Assets.xcassets; sourceTree = "<group>"; };
		7653665524729C8400EC0457 /* Preview Assets.xcassets */ = {isa = PBXFileReference; lastKnownFileType = folder.assetcatalog; path = "Preview Assets.xcassets"; sourceTree = "<group>"; };
		7653665824729C8400EC0457 /* Base */ = {isa = PBXFileReference; lastKnownFileType = file.storyboard; name = Base; path = Base.lproj/LaunchScreen.storyboard; sourceTree = "<group>"; };
		7653665A24729C8400EC0457 /* Info.plist */ = {isa = PBXFileReference; lastKnownFileType = text.plist.xml; path = Info.plist; sourceTree = "<group>"; };
		7653665F24729C8400EC0457 /* PracticeTests.xctest */ = {isa = PBXFileReference; explicitFileType = wrapper.cfbundle; includeInIndex = 0; path = PracticeTests.xctest; sourceTree = BUILT_PRODUCTS_DIR; };
		7653666324729C8400EC0457 /* PracticeTests.swift */ = {isa = PBXFileReference; lastKnownFileType = sourcecode.swift; path = PracticeTests.swift; sourceTree = "<group>"; };
		7653666524729C8400EC0457 /* Info.plist */ = {isa = PBXFileReference; lastKnownFileType = text.plist.xml; path = Info.plist; sourceTree = "<group>"; };
		7653666A24729C8400EC0457 /* PracticeUITests.xctest */ = {isa = PBXFileReference; explicitFileType = wrapper.cfbundle; includeInIndex = 0; path = PracticeUITests.xctest; sourceTree = BUILT_PRODUCTS_DIR; };
		7653666E24729C8400EC0457 /* PracticeUITests.swift */ = {isa = PBXFileReference; lastKnownFileType = sourcecode.swift; path = PracticeUITests.swift; sourceTree = "<group>"; };
		7653667024729C8400EC0457 /* Info.plist */ = {isa = PBXFileReference; lastKnownFileType = text.plist.xml; path = Info.plist; sourceTree = "<group>"; };
		76CB7B0A24752C68006CA160 /* Card.swift */ = {isa = PBXFileReference; lastKnownFileType = sourcecode.swift; path = Card.swift; sourceTree = "<group>"; };
		76CB7B0C24752F35006CA160 /* dataModel.swift */ = {isa = PBXFileReference; lastKnownFileType = sourcecode.swift; path = dataModel.swift; sourceTree = "<group>"; };
		76CB7B0E24752FB0006CA160 /* dataList.swift */ = {isa = PBXFileReference; lastKnownFileType = sourcecode.swift; path = dataList.swift; sourceTree = "<group>"; };
/* End PBXFileReference section */

/* Begin PBXFrameworksBuildPhase section */
		7653664324729C8200EC0457 /* Frameworks */ = {
			isa = PBXFrameworksBuildPhase;
			buildActionMask = 2147483647;
			files = (
			);
			runOnlyForDeploymentPostprocessing = 0;
		};
		7653665C24729C8400EC0457 /* Frameworks */ = {
			isa = PBXFrameworksBuildPhase;
			buildActionMask = 2147483647;
			files = (
			);
			runOnlyForDeploymentPostprocessing = 0;
		};
		7653666724729C8400EC0457 /* Frameworks */ = {
			isa = PBXFrameworksBuildPhase;
			buildActionMask = 2147483647;
			files = (
			);
			runOnlyForDeploymentPostprocessing = 0;
		};
/* End PBXFrameworksBuildPhase section */

/* Begin PBXGroup section */
		7653663D24729C8200EC0457 = {
			isa = PBXGroup;
			children = (
				7653664824729C8200EC0457 /* Practice */,
				7653666224729C8400EC0457 /* PracticeTests */,
				7653666D24729C8400EC0457 /* PracticeUITests */,
				7653664724729C8200EC0457 /* Products */,
			);
			sourceTree = "<group>";
		};
		7653664724729C8200EC0457 /* Products */ = {
			isa = PBXGroup;
			children = (
				7653664624729C8200EC0457 /* Practice.app */,
				7653665F24729C8400EC0457 /* PracticeTests.xctest */,
				7653666A24729C8400EC0457 /* PracticeUITests.xctest */,
			);
			name = Products;
			sourceTree = "<group>";
		};
		7653664824729C8200EC0457 /* Practice */ = {
			isa = PBXGroup;
			children = (
				7653664924729C8200EC0457 /* AppDelegate.swift */,
				7653664B24729C8200EC0457 /* SceneDelegate.swift */,
				7653665024729C8200EC0457 /* ContentView.swift */,
				7653665224729C8400EC0457 /* Assets.xcassets */,
				7653665724729C8400EC0457 /* LaunchScreen.storyboard */,
				7653665A24729C8400EC0457 /* Info.plist */,
				7653664D24729C8200EC0457 /* Practice.xcdatamodeld */,
				7653665424729C8400EC0457 /* Preview Content */,
				76CB7B0A24752C68006CA160 /* Card.swift */,
				76CB7B0C24752F35006CA160 /* dataModel.swift */,
				76CB7B0E24752FB0006CA160 /* dataList.swift */,
			);
			path = Practice;
			sourceTree = "<group>";
		};
		7653665424729C8400EC0457 /* Preview Content */ = {
			isa = PBXGroup;
			children = (
				7653665524729C8400EC0457 /* Preview Assets.xcassets */,
			);
			path = "Preview Content";
			sourceTree = "<group>";
		};
		7653666224729C8400EC0457 /* PracticeTests */ = {
			isa = PBXGroup;
			children = (
				7653666324729C8400EC0457 /* PracticeTests.swift */,
				7653666524729C8400EC0457 /* Info.plist */,
			);
			path = PracticeTests;
			sourceTree = "<group>";
		};
		7653666D24729C8400EC0457 /* PracticeUITests */ = {
			isa = PBXGroup;
			children = (
				7653666E24729C8400EC0457 /* PracticeUITests.swift */,
				7653667024729C8400EC0457 /* Info.plist */,
			);
			path = PracticeUITests;
			sourceTree = "<group>";
		};
/* End PBXGroup section */

/* Begin PBXNativeTarget section */
		7653664524729C8200EC0457 /* Practice */ = {
			isa = PBXNativeTarget;
			buildConfigurationList = 7653667324729C8400EC0457 /* Build configuration list for PBXNativeTarget "Practice" */;
			buildPhases = (
				7653664224729C8200EC0457 /* Sources */,
				7653664324729C8200EC0457 /* Frameworks */,
				7653664424729C8200EC0457 /* Resources */,
			);
			buildRules = (
			);
			dependencies = (
			);
			name = Practice;
			productName = Practice;
			productReference = 7653664624729C8200EC0457 /* Practice.app */;
			productType = "com.apple.product-type.application";
		};
		7653665E24729C8400EC0457 /* PracticeTests */ = {
			isa = PBXNativeTarget;
			buildConfigurationList = 7653667624729C8400EC0457 /* Build configuration list for PBXNativeTarget "PracticeTests" */;
			buildPhases = (
				7653665B24729C8400EC0457 /* Sources */,
				7653665C24729C8400EC0457 /* Frameworks */,
				7653665D24729C8400EC0457 /* Resources */,
			);
			buildRules = (
			);
			dependencies = (
				7653666124729C8400EC0457 /* PBXTargetDependency */,
			);
			name = PracticeTests;
			productName = PracticeTests;
			productReference = 7653665F24729C8400EC0457 /* PracticeTests.xctest */;
			productType = "com.apple.product-type.bundle.unit-test";
		};
		7653666924729C8400EC0457 /* PracticeUITests */ = {
			isa = PBXNativeTarget;
			buildConfigurationList = 7653667924729C8400EC0457 /* Build configuration list for PBXNativeTarget "PracticeUITests" */;
			buildPhases = (
				7653666624729C8400EC0457 /* Sources */,
				7653666724729C8400EC0457 /* Frameworks */,
				7653666824729C8400EC0457 /* Resources */,
			);
			buildRules = (
			);
			dependencies = (
				7653666C24729C8400EC0457 /* PBXTargetDependency */,
			);
			name = PracticeUITests;
			productName = PracticeUITests;
			productReference = 7653666A24729C8400EC0457 /* PracticeUITests.xctest */;
			productType = "com.apple.product-type.bundle.ui-testing";
		};
/* End PBXNativeTarget section */

/* Begin PBXProject section */
		7653663E24729C8200EC0457 /* Project object */ = {
			isa = PBXProject;
			attributes = {
				LastSwiftUpdateCheck = 1140;
				LastUpgradeCheck = 1140;
				ORGANIZATIONNAME = Ratish;
				TargetAttributes = {
					7653664524729C8200EC0457 = {
						CreatedOnToolsVersion = 11.4.1;
					};
					7653665E24729C8400EC0457 = {
						CreatedOnToolsVersion = 11.4.1;
						TestTargetID = 7653664524729C8200EC0457;
					};
					7653666924729C8400EC0457 = {
						CreatedOnToolsVersion = 11.4.1;
						TestTargetID = 7653664524729C8200EC0457;
					};
				};
			};
			buildConfigurationList = 7653664124729C8200EC0457 /* Build configuration list for PBXProject "Practice" */;
			compatibilityVersion = "Xcode 9.3";
			developmentRegion = en;
			hasScannedForEncodings = 0;
			knownRegions = (
				en,
				Base,
			);
			mainGroup = 7653663D24729C8200EC0457;
			productRefGroup = 7653664724729C8200EC0457 /* Products */;
			projectDirPath = "";
			projectRoot = "";
			targets = (
				7653664524729C8200EC0457 /* Practice */,
				7653665E24729C8400EC0457 /* PracticeTests */,
				7653666924729C8400EC0457 /* PracticeUITests */,
			);
		};
/* End PBXProject section */

/* Begin PBXResourcesBuildPhase section */
		7653664424729C8200EC0457 /* Resources */ = {
			isa = PBXResourcesBuildPhase;
			buildActionMask = 2147483647;
			files = (
				7653665924729C8400EC0457 /* LaunchScreen.storyboard in Resources */,
				7653665624729C8400EC0457 /* Preview Assets.xcassets in Resources */,
				7653665324729C8400EC0457 /* Assets.xcassets in Resources */,
			);
			runOnlyForDeploymentPostprocessing = 0;
		};
		7653665D24729C8400EC0457 /* Resources */ = {
			isa = PBXResourcesBuildPhase;
			buildActionMask = 2147483647;
			files = (
			);
			runOnlyForDeploymentPostprocessing = 0;
		};
		7653666824729C8400EC0457 /* Resources */ = {
			isa = PBXResourcesBuildPhase;
			buildActionMask = 2147483647;
			files = (
			);
			runOnlyForDeploymentPostprocessing = 0;
		};
/* End PBXResourcesBuildPhase section */

/* Begin PBXSourcesBuildPhase section */
		7653664224729C8200EC0457 /* Sources */ = {
			isa = PBXSourcesBuildPhase;
			buildActionMask = 2147483647;
			files = (
				7653664A24729C8200EC0457 /* AppDelegate.swift in Sources */,
				7653664C24729C8200EC0457 /* SceneDelegate.swift in Sources */,
				76CB7B0B24752C68006CA160 /* Card.swift in Sources */,
				76CB7B0F24752FB0006CA160 /* dataList.swift in Sources */,
				7653665124729C8200EC0457 /* ContentView.swift in Sources */,
				7653664F24729C8200EC0457 /* Practice.xcdatamodeld in Sources */,
				76CB7B0D24752F35006CA160 /* dataModel.swift in Sources */,
			);
			runOnlyForDeploymentPostprocessing = 0;
		};
		7653665B24729C8400EC0457 /* Sources */ = {
			isa = PBXSourcesBuildPhase;
			buildActionMask = 2147483647;
			files = (
				7653666424729C8400EC0457 /* PracticeTests.swift in Sources */,
			);
			runOnlyForDeploymentPostprocessing = 0;
		};
		7653666624729C8400EC0457 /* Sources */ = {
			isa = PBXSourcesBuildPhase;
			buildActionMask = 2147483647;
			files = (
				7653666F24729C8400EC0457 /* PracticeUITests.swift in Sources */,
			);
			runOnlyForDeploymentPostprocessing = 0;
		};
/* End PBXSourcesBuildPhase section */

/* Begin PBXTargetDependency section */
		7653666124729C8400EC0457 /* PBXTargetDependency */ = {
			isa = PBXTargetDependency;
			target = 7653664524729C8200EC0457 /* Practice */;
			targetProxy = 7653666024729C8400EC0457 /* PBXContainerItemProxy */;
		};
		7653666C24729C8400EC0457 /* PBXTargetDependency */ = {
			isa = PBXTargetDependency;
			target = 7653664524729C8200EC0457 /* Practice */;
			targetProxy = 7653666B24729C8400EC0457 /* PBXContainerItemProxy */;
		};
/* End PBXTargetDependency section */

/* Begin PBXVariantGroup section */
		7653665724729C8400EC0457 /* LaunchScreen.storyboard */ = {
			isa = PBXVariantGroup;
			children = (
				7653665824729C8400EC0457 /* Base */,
			);
			name = LaunchScreen.storyboard;
			sourceTree = "<group>";
		};
/* End PBXVariantGroup section */

/* Begin XCBuildConfiguration section */
		7653667124729C8400EC0457 /* Debug */ = {
			isa = XCBuildConfiguration;
			buildSettings = {
				ALWAYS_SEARCH_USER_PATHS = NO;
				CLANG_ANALYZER_NONNULL = YES;
				CLANG_ANALYZER_NUMBER_OBJECT_CONVERSION = YES_AGGRESSIVE;
				CLANG_CXX_LANGUAGE_STANDARD = "gnu++14";
				CLANG_CXX_LIBRARY = "libc++";
				CLANG_ENABLE_MODULES = YES;
				CLANG_ENABLE_OBJC_ARC = YES;
				CLANG_ENABLE_OBJC_WEAK = YES;
				CLANG_WARN_BLOCK_CAPTURE_AUTORELEASING = YES;
				CLANG_WARN_BOOL_CONVERSION = YES;
				CLANG_WARN_COMMA = YES;
				CLANG_WARN_CONSTANT_CONVERSION = YES;
				CLANG_WARN_DEPRECATED_OBJC_IMPLEMENTATIONS = YES;
				CLANG_WARN_DIRECT_OBJC_ISA_USAGE = YES_ERROR;
				CLANG_WARN_DOCUMENTATION_COMMENTS = YES;
				CLANG_WARN_EMPTY_BODY = YES;
				CLANG_WARN_ENUM_CONVERSION = YES;
				CLANG_WARN_INFINITE_RECURSION = YES;
				CLANG_WARN_INT_CONVERSION = YES;
				CLANG_WARN_NON_LITERAL_NULL_CONVERSION = YES;
				CLANG_WARN_OBJC_IMPLICIT_RETAIN_SELF = YES;
				CLANG_WARN_OBJC_LITERAL_CONVERSION = YES;
				CLANG_WARN_OBJC_ROOT_CLASS = YES_ERROR;
				CLANG_WARN_RANGE_LOOP_ANALYSIS = YES;
				CLANG_WARN_STRICT_PROTOTYPES = YES;
				CLANG_WARN_SUSPICIOUS_MOVE = YES;
				CLANG_WARN_UNGUARDED_AVAILABILITY = YES_AGGRESSIVE;
				CLANG_WARN_UNREACHABLE_CODE = YES;
				CLANG_WARN__DUPLICATE_METHOD_MATCH = YES;
				COPY_PHASE_STRIP = NO;
				DEBUG_INFORMATION_FORMAT = dwarf;
				ENABLE_STRICT_OBJC_MSGSEND = YES;
				ENABLE_TESTABILITY = YES;
				GCC_C_LANGUAGE_STANDARD = gnu11;
				GCC_DYNAMIC_NO_PIC = NO;
				GCC_NO_COMMON_BLOCKS = YES;
				GCC_OPTIMIZATION_LEVEL = 0;
				GCC_PREPROCESSOR_DEFINITIONS = (
					"DEBUG=1",
					"$(inherited)",
				);
				GCC_WARN_64_TO_32_BIT_CONVERSION = YES;
				GCC_WARN_ABOUT_RETURN_TYPE = YES_ERROR;
				GCC_WARN_UNDECLARED_SELECTOR = YES;
				GCC_WARN_UNINITIALIZED_AUTOS = YES_AGGRESSIVE;
				GCC_WARN_UNUSED_FUNCTION = YES;
				GCC_WARN_UNUSED_VARIABLE = YES;
				IPHONEOS_DEPLOYMENT_TARGET = 13.4;
				MTL_ENABLE_DEBUG_INFO = INCLUDE_SOURCE;
				MTL_FAST_MATH = YES;
				ONLY_ACTIVE_ARCH = YES;
				SDKROOT = iphoneos;
				SWIFT_ACTIVE_COMPILATION_CONDITIONS = DEBUG;
				SWIFT_OPTIMIZATION_LEVEL = "-Onone";
			};
			name = Debug;
		};
		7653667224729C8400EC0457 /* Release */ = {
			isa = XCBuildConfiguration;
			buildSettings = {
				ALWAYS_SEARCH_USER_PATHS = NO;
				CLANG_ANALYZER_NONNULL = YES;
				CLANG_ANALYZER_NUMBER_OBJECT_CONVERSION = YES_AGGRESSIVE;
				CLANG_CXX_LANGUAGE_STANDARD = "gnu++14";
				CLANG_CXX_LIBRARY = "libc++";
				CLANG_ENABLE_MODULES = YES;
				CLANG_ENABLE_OBJC_ARC = YES;
				CLANG_ENABLE_OBJC_WEAK = YES;
				CLANG_WARN_BLOCK_CAPTURE_AUTORELEASING = YES;
				CLANG_WARN_BOOL_CONVERSION = YES;
				CLANG_WARN_COMMA = YES;
				CLANG_WARN_CONSTANT_CONVERSION = YES;
				CLANG_WARN_DEPRECATED_OBJC_IMPLEMENTATIONS = YES;
				CLANG_WARN_DIRECT_OBJC_ISA_USAGE = YES_ERROR;
				CLANG_WARN_DOCUMENTATION_COMMENTS = YES;
				CLANG_WARN_EMPTY_BODY = YES;
				CLANG_WARN_ENUM_CONVERSION = YES;
				CLANG_WARN_INFINITE_RECURSION = YES;
				CLANG_WARN_INT_CONVERSION = YES;
				CLANG_WARN_NON_LITERAL_NULL_CONVERSION = YES;
				CLANG_WARN_OBJC_IMPLICIT_RETAIN_SELF = YES;
				CLANG_WARN_OBJC_LITERAL_CONVERSION = YES;
				CLANG_WARN_OBJC_ROOT_CLASS = YES_ERROR;
				CLANG_WARN_RANGE_LOOP_ANALYSIS = YES;
				CLANG_WARN_STRICT_PROTOTYPES = YES;
				CLANG_WARN_SUSPICIOUS_MOVE = YES;
				CLANG_WARN_UNGUARDED_AVAILABILITY = YES_AGGRESSIVE;
				CLANG_WARN_UNREACHABLE_CODE = YES;
				CLANG_WARN__DUPLICATE_METHOD_MATCH = YES;
				COPY_PHASE_STRIP = NO;
				DEBUG_INFORMATION_FORMAT = "dwarf-with-dsym";
				ENABLE_NS_ASSERTIONS = NO;
				ENABLE_STRICT_OBJC_MSGSEND = YES;
				GCC_C_LANGUAGE_STANDARD = gnu11;
				GCC_NO_COMMON_BLOCKS = YES;
				GCC_WARN_64_TO_32_BIT_CONVERSION = YES;
				GCC_WARN_ABOUT_RETURN_TYPE = YES_ERROR;
				GCC_WARN_UNDECLARED_SELECTOR = YES;
				GCC_WARN_UNINITIALIZED_AUTOS = YES_AGGRESSIVE;
				GCC_WARN_UNUSED_FUNCTION = YES;
				GCC_WARN_UNUSED_VARIABLE = YES;
				IPHONEOS_DEPLOYMENT_TARGET = 13.4;
				MTL_ENABLE_DEBUG_INFO = NO;
				MTL_FAST_MATH = YES;
				SDKROOT = iphoneos;
				SWIFT_COMPILATION_MODE = wholemodule;
				SWIFT_OPTIMIZATION_LEVEL = "-O";
				VALIDATE_PRODUCT = YES;
			};
			name = Release;
		};
		7653667424729C8400EC0457 /* Debug */ = {
			isa = XCBuildConfiguration;
			buildSettings = {
				ASSETCATALOG_COMPILER_APPICON_NAME = AppIcon;
				CODE_SIGN_STYLE = Automatic;
				DEVELOPMENT_ASSET_PATHS = "\"Practice/Preview Content\"";
				DEVELOPMENT_TEAM = 7LWP5K7KB2;
				ENABLE_PREVIEWS = YES;
				INFOPLIST_FILE = Practice/Info.plist;
				LD_RUNPATH_SEARCH_PATHS = (
					"$(inherited)",
					"@executable_path/Frameworks",
				);
				PRODUCT_BUNDLE_IDENTIFIER = "com.programmer-Practice.Practice";
				PRODUCT_NAME = "$(TARGET_NAME)";
				SWIFT_VERSION = 5.0;
				TARGETED_DEVICE_FAMILY = "1,2";
			};
			name = Debug;
		};
		7653667524729C8400EC0457 /* Release */ = {
			isa = XCBuildConfiguration;
			buildSettings = {
				ASSETCATALOG_COMPILER_APPICON_NAME = AppIcon;
				CODE_SIGN_STYLE = Automatic;
				DEVELOPMENT_ASSET_PATHS = "\"Practice/Preview Content\"";
				DEVELOPMENT_TEAM = 7LWP5K7KB2;
				ENABLE_PREVIEWS = YES;
				INFOPLIST_FILE = Practice/Info.plist;
				LD_RUNPATH_SEARCH_PATHS = (
					"$(inherited)",
					"@executable_path/Frameworks",
				);
				PRODUCT_BUNDLE_IDENTIFIER = "com.programmer-Practice.Practice";
				PRODUCT_NAME = "$(TARGET_NAME)";
				SWIFT_VERSION = 5.0;
				TARGETED_DEVICE_FAMILY = "1,2";
			};
			name = Release;
		};
		7653667724729C8400EC0457 /* Debug */ = {
			isa = XCBuildConfiguration;
			buildSettings = {
				ALWAYS_EMBED_SWIFT_STANDARD_LIBRARIES = YES;
				BUNDLE_LOADER = "$(TEST_HOST)";
				CODE_SIGN_STYLE = Automatic;
				DEVELOPMENT_TEAM = 7LWP5K7KB2;
				INFOPLIST_FILE = PracticeTests/Info.plist;
				IPHONEOS_DEPLOYMENT_TARGET = 13.4;
				LD_RUNPATH_SEARCH_PATHS = (
					"$(inherited)",
					"@executable_path/Frameworks",
					"@loader_path/Frameworks",
				);
				PRODUCT_BUNDLE_IDENTIFIER = "com.programmer-Practice.PracticeTests";
				PRODUCT_NAME = "$(TARGET_NAME)";
				SWIFT_VERSION = 5.0;
				TARGETED_DEVICE_FAMILY = "1,2";
				TEST_HOST = "$(BUILT_PRODUCTS_DIR)/Practice.app/Practice";
			};
			name = Debug;
		};
		7653667824729C8400EC0457 /* Release */ = {
			isa = XCBuildConfiguration;
			buildSettings = {
				ALWAYS_EMBED_SWIFT_STANDARD_LIBRARIES = YES;
				BUNDLE_LOADER = "$(TEST_HOST)";
				CODE_SIGN_STYLE = Automatic;
				DEVELOPMENT_TEAM = 7LWP5K7KB2;
				INFOPLIST_FILE = PracticeTests/Info.plist;
				IPHONEOS_DEPLOYMENT_TARGET = 13.4;
				LD_RUNPATH_SEARCH_PATHS = (
					"$(inherited)",
					"@executable_path/Frameworks",
					"@loader_path/Frameworks",
				);
				PRODUCT_BUNDLE_IDENTIFIER = "com.programmer-Practice.PracticeTests";
				PRODUCT_NAME = "$(TARGET_NAME)";
				SWIFT_VERSION = 5.0;
				TARGETED_DEVICE_FAMILY = "1,2";
				TEST_HOST = "$(BUILT_PRODUCTS_DIR)/Practice.app/Practice";
			};
			name = Release;
		};
		7653667A24729C8400EC0457 /* Debug */ = {
			isa = XCBuildConfiguration;
			buildSettings = {
				ALWAYS_EMBED_SWIFT_STANDARD_LIBRARIES = YES;
				CODE_SIGN_STYLE = Automatic;
				DEVELOPMENT_TEAM = 7LWP5K7KB2;
				INFOPLIST_FILE = PracticeUITests/Info.plist;
				LD_RUNPATH_SEARCH_PATHS = (
					"$(inherited)",
					"@executable_path/Frameworks",
					"@loader_path/Frameworks",
				);
				PRODUCT_BUNDLE_IDENTIFIER = "com.programmer-Practice.PracticeUITests";
				PRODUCT_NAME = "$(TARGET_NAME)";
				SWIFT_VERSION = 5.0;
				TARGETED_DEVICE_FAMILY = "1,2";
				TEST_TARGET_NAME = Practice;
			};
			name = Debug;
		};
		7653667B24729C8400EC0457 /* Release */ = {
			isa = XCBuildConfiguration;
			buildSettings = {
				ALWAYS_EMBED_SWIFT_STANDARD_LIBRARIES = YES;
				CODE_SIGN_STYLE = Automatic;
				DEVELOPMENT_TEAM = 7LWP5K7KB2;
				INFOPLIST_FILE = PracticeUITests/Info.plist;
				LD_RUNPATH_SEARCH_PATHS = (
					"$(inherited)",
					"@executable_path/Frameworks",
					"@loader_path/Frameworks",
				);
				PRODUCT_BUNDLE_IDENTIFIER = "com.programmer-Practice.PracticeUITests";
				PRODUCT_NAME = "$(TARGET_NAME)";
				SWIFT_VERSION = 5.0;
				TARGETED_DEVICE_FAMILY = "1,2";
				TEST_TARGET_NAME = Practice;
			};
			name = Release;
		};
/* End XCBuildConfiguration section */

/* Begin XCConfigurationList section */
		7653664124729C8200EC0457 /* Build configuration list for PBXProject "Practice" */ = {
			isa = XCConfigurationList;
			buildConfigurations = (
				7653667124729C8400EC0457 /* Debug */,
				7653667224729C8400EC0457 /* Release */,
			);
			defaultConfigurationIsVisible = 0;
			defaultConfigurationName = Release;
		};
		7653667324729C8400EC0457 /* Build configuration list for PBXNativeTarget "Practice" */ = {
			isa = XCConfigurationList;
			buildConfigurations = (
				7653667424729C8400EC0457 /* Debug */,
				7653667524729C8400EC0457 /* Release */,
			);
			defaultConfigurationIsVisible = 0;
			defaultConfigurationName = Release;
		};
		7653667624729C8400EC0457 /* Build configuration list for PBXNativeTarget "PracticeTests" */ = {
			isa = XCConfigurationList;
			buildConfigurations = (
				7653667724729C8400EC0457 /* Debug */,
				7653667824729C8400EC0457 /* Release */,
			);
			defaultConfigurationIsVisible = 0;
			defaultConfigurationName = Release;
		};
		7653667924729C8400EC0457 /* Build configuration list for PBXNativeTarget "PracticeUITests" */ = {
			isa = XCConfigurationList;
			buildConfigurations = (
				7653667A24729C8400EC0457 /* Debug */,
				7653667B24729C8400EC0457 /* Release */,
			);
			defaultConfigurationIsVisible = 0;
			defaultConfigurationName = Release;
		};
/* End XCConfigurationList section */

/* Begin XCVersionGroup section */
		7653664D24729C8200EC0457 /* Practice.xcdatamodeld */ = {
			isa = XCVersionGroup;
			children = (
				7653664E24729C8200EC0457 /* Practice.xcdatamodel */,
			);
			currentVersion = 7653664E24729C8200EC0457 /* Practice.xcdatamodel */;
			path = Practice.xcdatamodeld;
			sourceTree = "<group>";
			versionGroupType = wrapper.xcdatamodel;
		};
/* End XCVersionGroup section */
	};
	rootObject = 7653663E24729C8200EC0457 /* Project object */;
}
